%{
  "erlexec": {:hex, :erlexec, "2.0.7", "76d0bc7487929741b5bb9f74da2af5daf1492134733cf9a05c7aaa278b6934c5", [:rebar3], [], "hexpm", "af2dd940bb8e32f5aa40a65cb455dcaa18f5334fd3507e9bfd14a021e9630897"},
  "erlfdb": {:hex, :erlfdb, "0.1.2", "2a129b61efc39dc82b5702a20da1ef1c718318413176b728ef22b559f1965e70", [:rebar3], [], "hexpm", "577d77ff34585265f4c4478e8c36e9f50929fcbc9f8644f83dde1bd97a782fba"},
  "global_flags": {:hex, :global_flags, "1.0.0", "ee6b864979a1fb38d1fbc67838565644baf632212bce864adca21042df036433", [:rebar3], [], "hexpm", "85d944cecd0f8f96b20ce70b5b16ebccedfcd25e744376b131e89ce61ba93176"},
  "local_cluster": {:hex, :local_cluster, "2.0.0", "2d2ad176b9371a49c0b90f962b5aba14e463af9d8b0c469b6cb3b8e81998f952", [:mix], [{:global_flags, "~> 1.0", [hex: :global_flags, repo: "hexpm", optional: false]}], "hexpm", "dd88b002ab85594c7738795bd0b402c217a124b62bd6f2ea0d62e3695f6ecfe6"},
}
